// !$*UTF8*$!
{
	archiveVersion = 1;
	classes = {
	};
	objectVersion = 50;
	objects = {

/* Begin PBXBuildFile section */
		FBEA5C12248B427C0046ABE0 /* AppDelegate.swift in Sources */ = {isa = PBXBuildFile; fileRef = FBEA5C11248B427C0046ABE0 /* AppDelegate.swift */; };
		FBEA5C14248B427C0046ABE0 /* SceneDelegate.swift in Sources */ = {isa = PBXBuildFile; fileRef = FBEA5C13248B427C0046ABE0 /* SceneDelegate.swift */; };
		FBEA5C16248B427C0046ABE0 /* ContentView.swift in Sources */ = {isa = PBXBuildFile; fileRef = FBEA5C15248B427C0046ABE0 /* ContentView.swift */; };
		FBEA5C18248B427D0046ABE0 /* Assets.xcassets in Resources */ = {isa = PBXBuildFile; fileRef = FBEA5C17248B427D0046ABE0 /* Assets.xcassets */; };
		FBEA5C1B248B427D0046ABE0 /* Preview Assets.xcassets in Resources */ = {isa = PBXBuildFile; fileRef = FBEA5C1A248B427D0046ABE0 /* Preview Assets.xcassets */; };
		FBEA5C1E248B427D0046ABE0 /* LaunchScreen.storyboard in Resources */ = {isa = PBXBuildFile; fileRef = FBEA5C1C248B427D0046ABE0 /* LaunchScreen.storyboard */; };
		FBEA5C26248BE1800046ABE0 /* ExpenseItem.swift in Sources */ = {isa = PBXBuildFile; fileRef = FBEA5C25248BE1800046ABE0 /* ExpenseItem.swift */; };
		FBEA5C28248BE1BD0046ABE0 /* Expenses.swift in Sources */ = {isa = PBXBuildFile; fileRef = FBEA5C27248BE1BD0046ABE0 /* Expenses.swift */; };
		FBEA5C2A248BE49E0046ABE0 /* AddView.swift in Sources */ = {isa = PBXBuildFile; fileRef = FBEA5C29248BE49E0046ABE0 /* AddView.swift */; };
/* End PBXBuildFile section */

/* Begin PBXFileReference section */
		FBEA5C0E248B427C0046ABE0 /* iExpense.app */ = {isa = PBXFileReference; explicitFileType = wrapper.application; includeInIndex = 0; path = iExpense.app; sourceTree = BUILT_PRODUCTS_DIR; };
		FBEA5C11248B427C0046ABE0 /* AppDelegate.swift */ = {isa = PBXFileReference; lastKnownFileType = sourcecode.swift; path = AppDelegate.swift; sourceTree = "<group>"; };
		FBEA5C13248B427C0046ABE0 /* SceneDelegate.swift */ = {isa = PBXFileReference; lastKnownFileType = sourcecode.swift; path = SceneDelegate.swift; sourceTree = "<group>"; };
		FBEA5C15248B427C0046ABE0 /* ContentView.swift */ = {isa = PBXFileReference; lastKnownFileType = sourcecode.swift; path = ContentView.swift; sourceTree = "<group>"; };
		FBEA5C17248B427D0046ABE0 /* Assets.xcassets */ = {isa = PBXFileReference; lastKnownFileType = folder.assetcatalog; path = Assets.xcassets; sourceTree = "<group>"; };
		FBEA5C1A248B427D0046ABE0 /* Preview Assets.xcassets */ = {isa = PBXFileReference; lastKnownFileType = folder.assetcatalog; path = "Preview Assets.xcassets"; sourceTree = "<group>"; };
		FBEA5C1D248B427D0046ABE0 /* Base */ = {isa = PBXFileReference; lastKnownFileType = file.storyboard; name = Base; path = Base.lproj/LaunchScreen.storyboard; sourceTree = "<group>"; };
		FBEA5C1F248B427D0046ABE0 /* Info.plist */ = {isa = PBXFileReference; lastKnownFileType = text.plist.xml; path = Info.plist; sourceTree = "<group>"; };
		FBEA5C25248BE1800046ABE0 /* ExpenseItem.swift */ = {isa = PBXFileReference; lastKnownFileType = sourcecode.swift; path = ExpenseItem.swift; sourceTree = "<group>"; };
		FBEA5C27248BE1BD0046ABE0 /* Expenses.swift */ = {isa = PBXFileReference; lastKnownFileType = sourcecode.swift; path = Expenses.swift; sourceTree = "<group>"; };
		FBEA5C29248BE49E0046ABE0 /* AddView.swift */ = {isa = PBXFileReference; lastKnownFileType = sourcecode.swift; path = AddView.swift; sourceTree = "<group>"; };
/* End PBXFileReference section */

/* Begin PBXFrameworksBuildPhase section */
		FBEA5C0B248B427C0046ABE0 /* Frameworks */ = {
			isa = PBXFrameworksBuildPhase;
			buildActionMask = 2147483647;
			files = (
			);
			runOnlyForDeploymentPostprocessing = 0;
		};
/* End PBXFrameworksBuildPhase section */

/* Begin PBXGroup section */
		FBEA5C05248B427C0046ABE0 = {
			isa = PBXGroup;
			children = (
				FBEA5C10248B427C0046ABE0 /* iExpense */,
				FBEA5C0F248B427C0046ABE0 /* Products */,
			);
			sourceTree = "<group>";
		};
		FBEA5C0F248B427C0046ABE0 /* Products */ = {
			isa = PBXGroup;
			children = (
				FBEA5C0E248B427C0046ABE0 /* iExpense.app */,
			);
			name = Products;
			sourceTree = "<group>";
		};
		FBEA5C10248B427C0046ABE0 /* iExpense */ = {
			isa = PBXGroup;
			children = (
				FBEA5C11248B427C0046ABE0 /* AppDelegate.swift */,
				FBEA5C13248B427C0046ABE0 /* SceneDelegate.swift */,
				FBEA5C15248B427C0046ABE0 /* ContentView.swift */,
				FBEA5C29248BE49E0046ABE0 /* AddView.swift */,
				FBEA5C25248BE1800046ABE0 /* ExpenseItem.swift */,
				FBEA5C27248BE1BD0046ABE0 /* Expenses.swift */,
				FBEA5C17248B427D0046ABE0 /* Assets.xcassets */,
				FBEA5C1C248B427D0046ABE0 /* LaunchScreen.storyboard */,
				FBEA5C1F248B427D0046ABE0 /* Info.plist */,
				FBEA5C19248B427D0046ABE0 /* Preview Content */,
			);
			path = iExpense;
			sourceTree = "<group>";
		};
		FBEA5C19248B427D0046ABE0 /* Preview Content */ = {
			isa = PBXGroup;
			children = (
				FBEA5C1A248B427D0046ABE0 /* Preview Assets.xcassets */,
			);
			path = "Preview Content";
			sourceTree = "<group>";
		};
/* End PBXGroup section */

/* Begin PBXNativeTarget section */
		FBEA5C0D248B427C0046ABE0 /* iExpense */ = {
			isa = PBXNativeTarget;
			buildConfigurationList = FBEA5C22248B427D0046ABE0 /* Build configuration list for PBXNativeTarget "iExpense" */;
			buildPhases = (
				FBEA5C0A248B427C0046ABE0 /* Sources */,
				FBEA5C0B248B427C0046ABE0 /* Frameworks */,
				FBEA5C0C248B427C0046ABE0 /* Resources */,
			);
			buildRules = (
			);
			dependencies = (
			);
			name = iExpense;
			productName = iExpense;
			productReference = FBEA5C0E248B427C0046ABE0 /* iExpense.app */;
			productType = "com.apple.product-type.application";
		};
/* End PBXNativeTarget section */

/* Begin PBXProject section */
		FBEA5C06248B427C0046ABE0 /* Project object */ = {
			isa = PBXProject;
			attributes = {
				LastSwiftUpdateCheck = 1150;
				LastUpgradeCheck = 1150;
				ORGANIZATIONNAME = "Santiago Pelaez Rua";
				TargetAttributes = {
					FBEA5C0D248B427C0046ABE0 = {
						CreatedOnToolsVersion = 11.5;
					};
				};
			};
			buildConfigurationList = FBEA5C09248B427C0046ABE0 /* Build configuration list for PBXProject "iExpense" */;
			compatibilityVersion = "Xcode 9.3";
			developmentRegion = en;
			hasScannedForEncodings = 0;
			knownRegions = (
				en,
				Base,
			);
			mainGroup = FBEA5C05248B427C0046ABE0;
			productRefGroup = FBEA5C0F248B427C0046ABE0 /* Products */;
			projectDirPath = "";
			projectRoot = "";
			targets = (
				FBEA5C0D248B427C0046ABE0 /* iExpense */,
			);
		};
/* End PBXProject section */

/* Begin PBXResourcesBuildPhase section */
		FBEA5C0C248B427C0046ABE0 /* Resources */ = {
			isa = PBXResourcesBuildPhase;
			buildActionMask = 2147483647;
			files = (
				FBEA5C1E248B427D0046ABE0 /* LaunchScreen.storyboard in Resources */,
				FBEA5C1B248B427D0046ABE0 /* Preview Assets.xcassets in Resources */,
				FBEA5C18248B427D0046ABE0 /* Assets.xcassets in Resources */,
			);
			runOnlyForDeploymentPostprocessing = 0;
		};
/* End PBXResourcesBuildPhase section */

/* Begin PBXSourcesBuildPhase section */
		FBEA5C0A248B427C0046ABE0 /* Sources */ = {
			isa = PBXSourcesBuildPhase;
			buildActionMask = 2147483647;
			files = (
				FBEA5C28248BE1BD0046ABE0 /* Expenses.swift in Sources */,
				FBEA5C12248B427C0046ABE0 /* AppDelegate.swift in Sources */,
				FBEA5C2A248BE49E0046ABE0 /* AddView.swift in Sources */,
				FBEA5C14248B427C0046ABE0 /* SceneDelegate.swift in Sources */,
				FBEA5C16248B427C0046ABE0 /* ContentView.swift in Sources */,
				FBEA5C26248BE1800046ABE0 /* ExpenseItem.swift in Sources */,
			);
			runOnlyForDeploymentPostprocessing = 0;
		};
/* End PBXSourcesBuildPhase section */

/* Begin PBXVariantGroup section */
		FBEA5C1C248B427D0046ABE0 /* LaunchScreen.storyboard */ = {
			isa = PBXVariantGroup;
			children = (
				FBEA5C1D248B427D0046ABE0 /* Base */,
			);
			name = LaunchScreen.storyboard;
			sourceTree = "<group>";
		};
/* End PBXVariantGroup section */

/* Begin XCBuildConfiguration section */
		FBEA5C20248B427D0046ABE0 /* Debug */ = {
			isa = XCBuildConfiguration;
			buildSettings = {
				ALWAYS_SEARCH_USER_PATHS = NO;
				CLANG_ANALYZER_NONNULL = YES;
				CLANG_ANALYZER_NUMBER_OBJECT_CONVERSION = YES_AGGRESSIVE;
				CLANG_CXX_LANGUAGE_STANDARD = "gnu++14";
				CLANG_CXX_LIBRARY = "libc++";
				CLANG_ENABLE_MODULES = YES;
				CLANG_ENABLE_OBJC_ARC = YES;
				CLANG_ENABLE_OBJC_WEAK = YES;
				CLANG_WARN_BLOCK_CAPTURE_AUTORELEASING = YES;
				CLANG_WARN_BOOL_CONVERSION = YES;
				CLANG_WARN_COMMA = YES;
				CLANG_WARN_CONSTANT_CONVERSION = YES;
				CLANG_WARN_DEPRECATED_OBJC_IMPLEMENTATIONS = YES;
				CLANG_WARN_DIRECT_OBJC_ISA_USAGE = YES_ERROR;
				CLANG_WARN_DOCUMENTATION_COMMENTS = YES;
				CLANG_WARN_EMPTY_BODY = YES;
				CLANG_WARN_ENUM_CONVERSION = YES;
				CLANG_WARN_INFINITE_RECURSION = YES;
				CLANG_WARN_INT_CONVERSION = YES;
				CLANG_WARN_NON_LITERAL_NULL_CONVERSION = YES;
				CLANG_WARN_OBJC_IMPLICIT_RETAIN_SELF = YES;
				CLANG_WARN_OBJC_LITERAL_CONVERSION = YES;
				CLANG_WARN_OBJC_ROOT_CLASS = YES_ERROR;
				CLANG_WARN_RANGE_LOOP_ANALYSIS = YES;
				CLANG_WARN_STRICT_PROTOTYPES = YES;
				CLANG_WARN_SUSPICIOUS_MOVE = YES;
				CLANG_WARN_UNGUARDED_AVAILABILITY = YES_AGGRESSIVE;
				CLANG_WARN_UNREACHABLE_CODE = YES;
				CLANG_WARN__DUPLICATE_METHOD_MATCH = YES;
				COPY_PHASE_STRIP = NO;
				DEBUG_INFORMATION_FORMAT = dwarf;
				ENABLE_STRICT_OBJC_MSGSEND = YES;
				ENABLE_TESTABILITY = YES;
				GCC_C_LANGUAGE_STANDARD = gnu11;
				GCC_DYNAMIC_NO_PIC = NO;
				GCC_NO_COMMON_BLOCKS = YES;
				GCC_OPTIMIZATION_LEVEL = 0;
				GCC_PREPROCESSOR_DEFINITIONS = (
					"DEBUG=1",
					"$(inherited)",
				);
				GCC_WARN_64_TO_32_BIT_CONVERSION = YES;
				GCC_WARN_ABOUT_RETURN_TYPE = YES_ERROR;
				GCC_WARN_UNDECLARED_SELECTOR = YES;
				GCC_WARN_UNINITIALIZED_AUTOS = YES_AGGRESSIVE;
				GCC_WARN_UNUSED_FUNCTION = YES;
				GCC_WARN_UNUSED_VARIABLE = YES;
				IPHONEOS_DEPLOYMENT_TARGET = 13.5;
				MTL_ENABLE_DEBUG_INFO = INCLUDE_SOURCE;
				MTL_FAST_MATH = YES;
				ONLY_ACTIVE_ARCH = YES;
				SDKROOT = iphoneos;
				SWIFT_ACTIVE_COMPILATION_CONDITIONS = DEBUG;
				SWIFT_OPTIMIZATION_LEVEL = "-Onone";
			};
			name = Debug;
		};
		FBEA5C21248B427D0046ABE0 /* Release */ = {
			isa = XCBuildConfiguration;
			buildSettings = {
				ALWAYS_SEARCH_USER_PATHS = NO;
				CLANG_ANALYZER_NONNULL = YES;
				CLANG_ANALYZER_NUMBER_OBJECT_CONVERSION = YES_AGGRESSIVE;
				CLANG_CXX_LANGUAGE_STANDARD = "gnu++14";
				CLANG_CXX_LIBRARY = "libc++";
				CLANG_ENABLE_MODULES = YES;
				CLANG_ENABLE_OBJC_ARC = YES;
				CLANG_ENABLE_OBJC_WEAK = YES;
				CLANG_WARN_BLOCK_CAPTURE_AUTORELEASING = YES;
				CLANG_WARN_BOOL_CONVERSION = YES;
				CLANG_WARN_COMMA = YES;
				CLANG_WARN_CONSTANT_CONVERSION = YES;
				CLANG_WARN_DEPRECATED_OBJC_IMPLEMENTATIONS = YES;
				CLANG_WARN_DIRECT_OBJC_ISA_USAGE = YES_ERROR;
				CLANG_WARN_DOCUMENTATION_COMMENTS = YES;
				CLANG_WARN_EMPTY_BODY = YES;
				CLANG_WARN_ENUM_CONVERSION = YES;
				CLANG_WARN_INFINITE_RECURSION = YES;
				CLANG_WARN_INT_CONVERSION = YES;
				CLANG_WARN_NON_LITERAL_NULL_CONVERSION = YES;
				CLANG_WARN_OBJC_IMPLICIT_RETAIN_SELF = YES;
				CLANG_WARN_OBJC_LITERAL_CONVERSION = YES;
				CLANG_WARN_OBJC_ROOT_CLASS = YES_ERROR;
				CLANG_WARN_RANGE_LOOP_ANALYSIS = YES;
				CLANG_WARN_STRICT_PROTOTYPES = YES;
				CLANG_WARN_SUSPICIOUS_MOVE = YES;
				CLANG_WARN_UNGUARDED_AVAILABILITY = YES_AGGRESSIVE;
				CLANG_WARN_UNREACHABLE_CODE = YES;
				CLANG_WARN__DUPLICATE_METHOD_MATCH = YES;
				COPY_PHASE_STRIP = NO;
				DEBUG_INFORMATION_FORMAT = "dwarf-with-dsym";
				ENABLE_NS_ASSERTIONS = NO;
				ENABLE_STRICT_OBJC_MSGSEND = YES;
				GCC_C_LANGUAGE_STANDARD = gnu11;
				GCC_NO_COMMON_BLOCKS = YES;
				GCC_WARN_64_TO_32_BIT_CONVERSION = YES;
				GCC_WARN_ABOUT_RETURN_TYPE = YES_ERROR;
				GCC_WARN_UNDECLARED_SELECTOR = YES;
				GCC_WARN_UNINITIALIZED_AUTOS = YES_AGGRESSIVE;
				GCC_WARN_UNUSED_FUNCTION = YES;
				GCC_WARN_UNUSED_VARIABLE = YES;
				IPHONEOS_DEPLOYMENT_TARGET = 13.5;
				MTL_ENABLE_DEBUG_INFO = NO;
				MTL_FAST_MATH = YES;
				SDKROOT = iphoneos;
				SWIFT_COMPILATION_MODE = wholemodule;
				SWIFT_OPTIMIZATION_LEVEL = "-O";
				VALIDATE_PRODUCT = YES;
			};
			name = Release;
		};
		FBEA5C23248B427D0046ABE0 /* Debug */ = {
			isa = XCBuildConfiguration;
			buildSettings = {
				ASSETCATALOG_COMPILER_APPICON_NAME = AppIcon;
				CODE_SIGN_STYLE = Automatic;
				DEVELOPMENT_ASSET_PATHS = "\"iExpense/Preview Content\"";
				ENABLE_PREVIEWS = YES;
				INFOPLIST_FILE = iExpense/Info.plist;
				LD_RUNPATH_SEARCH_PATHS = (
					"$(inherited)",
					"@executable_path/Frameworks",
				);
				PRODUCT_BUNDLE_IDENTIFIER = com.sapelaezru.iExpense;
				PRODUCT_NAME = "$(TARGET_NAME)";
				SWIFT_VERSION = 5.0;
				TARGETED_DEVICE_FAMILY = "1,2";
			};
			name = Debug;
		};
		FBEA5C24248B427D0046ABE0 /* Release */ = {
			isa = XCBuildConfiguration;
			buildSettings = {
				ASSETCATALOG_COMPILER_APPICON_NAME = AppIcon;
				CODE_SIGN_STYLE = Automatic;
				DEVELOPMENT_ASSET_PATHS = "\"iExpense/Preview Content\"";
				ENABLE_PREVIEWS = YES;
				INFOPLIST_FILE = iExpense/Info.plist;
				LD_RUNPATH_SEARCH_PATHS = (
					"$(inherited)",
					"@executable_path/Frameworks",
				);
				PRODUCT_BUNDLE_IDENTIFIER = com.sapelaezru.iExpense;
				PRODUCT_NAME = "$(TARGET_NAME)";
				SWIFT_VERSION = 5.0;
				TARGETED_DEVICE_FAMILY = "1,2";
			};
			name = Release;
		};
/* End XCBuildConfiguration section */

/* Begin XCConfigurationList section */
		FBEA5C09248B427C0046ABE0 /* Build configuration list for PBXProject "iExpense" */ = {
			isa = XCConfigurationList;
			buildConfigurations = (
				FBEA5C20248B427D0046ABE0 /* Debug */,
				FBEA5C21248B427D0046ABE0 /* Release */,
			);
			defaultConfigurationIsVisible = 0;
			defaultConfigurationName = Release;
		};
		FBEA5C22248B427D0046ABE0 /* Build configuration list for PBXNativeTarget "iExpense" */ = {
			isa = XCConfigurationList;
			buildConfigurations = (
				FBEA5C23248B427D0046ABE0 /* Debug */,
				FBEA5C24248B427D0046ABE0 /* Release */,
			);
			defaultConfigurationIsVisible = 0;
			defaultConfigurationName = Release;
		};
/* End XCConfigurationList section */
	};
	rootObject = FBEA5C06248B427C0046ABE0 /* Project object */;
}
