// !$*UTF8*$!
{
	archiveVersion = 1;
	classes = {
	};
	objectVersion = 50;
	objects = {

/* Begin PBXBuildFile section */
		FB4E9640249D75AE002B7556 /* Arrow.swift in Sources */ = {isa = PBXBuildFile; fileRef = FB4E963F249D75AE002B7556 /* Arrow.swift */; };
		FB82027D2496DB8100498193 /* AppDelegate.swift in Sources */ = {isa = PBXBuildFile; fileRef = FB82027C2496DB8100498193 /* AppDelegate.swift */; };
		FB82027F2496DB8100498193 /* SceneDelegate.swift in Sources */ = {isa = PBXBuildFile; fileRef = FB82027E2496DB8100498193 /* SceneDelegate.swift */; };
		FB8202812496DB8100498193 /* ContentView.swift in Sources */ = {isa = PBXBuildFile; fileRef = FB8202802496DB8100498193 /* ContentView.swift */; };
		FB8202832496DB8200498193 /* Assets.xcassets in Resources */ = {isa = PBXBuildFile; fileRef = FB8202822496DB8200498193 /* Assets.xcassets */; };
		FB8202862496DB8200498193 /* Preview Assets.xcassets in Resources */ = {isa = PBXBuildFile; fileRef = FB8202852496DB8200498193 /* Preview Assets.xcassets */; };
		FB8202892496DB8200498193 /* LaunchScreen.storyboard in Resources */ = {isa = PBXBuildFile; fileRef = FB8202872496DB8200498193 /* LaunchScreen.storyboard */; };
		FB82029124980A3600498193 /* Flower.swift in Sources */ = {isa = PBXBuildFile; fileRef = FB82029024980A3600498193 /* Flower.swift */; };
		FB8202932498109900498193 /* ColorCyclingView.swift in Sources */ = {isa = PBXBuildFile; fileRef = FB8202922498109900498193 /* ColorCyclingView.swift */; };
		FBCD99F6249D78B9009C53A6 /* Challenge.swift in Sources */ = {isa = PBXBuildFile; fileRef = FBCD99F5249D78B9009C53A6 /* Challenge.swift */; };
		FBF569F42499AAAF00287C61 /* Trapezoid.swift in Sources */ = {isa = PBXBuildFile; fileRef = FBF569F32499AAAF00287C61 /* Trapezoid.swift */; };
		FBF569F62499AD3D00287C61 /* Checkerboard.swift in Sources */ = {isa = PBXBuildFile; fileRef = FBF569F52499AD3D00287C61 /* Checkerboard.swift */; };
/* End PBXBuildFile section */

/* Begin PBXFileReference section */
		FB4E963F249D75AE002B7556 /* Arrow.swift */ = {isa = PBXFileReference; lastKnownFileType = sourcecode.swift; path = Arrow.swift; sourceTree = "<group>"; };
		FB8202792496DB8100498193 /* Drawing.app */ = {isa = PBXFileReference; explicitFileType = wrapper.application; includeInIndex = 0; path = Drawing.app; sourceTree = BUILT_PRODUCTS_DIR; };
		FB82027C2496DB8100498193 /* AppDelegate.swift */ = {isa = PBXFileReference; lastKnownFileType = sourcecode.swift; path = AppDelegate.swift; sourceTree = "<group>"; };
		FB82027E2496DB8100498193 /* SceneDelegate.swift */ = {isa = PBXFileReference; lastKnownFileType = sourcecode.swift; path = SceneDelegate.swift; sourceTree = "<group>"; };
		FB8202802496DB8100498193 /* ContentView.swift */ = {isa = PBXFileReference; lastKnownFileType = sourcecode.swift; path = ContentView.swift; sourceTree = "<group>"; };
		FB8202822496DB8200498193 /* Assets.xcassets */ = {isa = PBXFileReference; lastKnownFileType = folder.assetcatalog; path = Assets.xcassets; sourceTree = "<group>"; };
		FB8202852496DB8200498193 /* Preview Assets.xcassets */ = {isa = PBXFileReference; lastKnownFileType = folder.assetcatalog; path = "Preview Assets.xcassets"; sourceTree = "<group>"; };
		FB8202882496DB8200498193 /* Base */ = {isa = PBXFileReference; lastKnownFileType = file.storyboard; name = Base; path = Base.lproj/LaunchScreen.storyboard; sourceTree = "<group>"; };
		FB82028A2496DB8200498193 /* Info.plist */ = {isa = PBXFileReference; lastKnownFileType = text.plist.xml; path = Info.plist; sourceTree = "<group>"; };
		FB82029024980A3600498193 /* Flower.swift */ = {isa = PBXFileReference; lastKnownFileType = sourcecode.swift; path = Flower.swift; sourceTree = "<group>"; };
		FB8202922498109900498193 /* ColorCyclingView.swift */ = {isa = PBXFileReference; lastKnownFileType = sourcecode.swift; path = ColorCyclingView.swift; sourceTree = "<group>"; };
		FBCD99F5249D78B9009C53A6 /* Challenge.swift */ = {isa = PBXFileReference; lastKnownFileType = sourcecode.swift; path = Challenge.swift; sourceTree = "<group>"; };
		FBF569F32499AAAF00287C61 /* Trapezoid.swift */ = {isa = PBXFileReference; lastKnownFileType = sourcecode.swift; path = Trapezoid.swift; sourceTree = "<group>"; };
		FBF569F52499AD3D00287C61 /* Checkerboard.swift */ = {isa = PBXFileReference; lastKnownFileType = sourcecode.swift; path = Checkerboard.swift; sourceTree = "<group>"; };
/* End PBXFileReference section */

/* Begin PBXFrameworksBuildPhase section */
		FB8202762496DB8100498193 /* Frameworks */ = {
			isa = PBXFrameworksBuildPhase;
			buildActionMask = 2147483647;
			files = (
			);
			runOnlyForDeploymentPostprocessing = 0;
		};
/* End PBXFrameworksBuildPhase section */

/* Begin PBXGroup section */
		FB8202702496DB8000498193 = {
			isa = PBXGroup;
			children = (
				FB82027B2496DB8100498193 /* Drawing */,
				FB82027A2496DB8100498193 /* Products */,
			);
			sourceTree = "<group>";
		};
		FB82027A2496DB8100498193 /* Products */ = {
			isa = PBXGroup;
			children = (
				FB8202792496DB8100498193 /* Drawing.app */,
			);
			name = Products;
			sourceTree = "<group>";
		};
		FB82027B2496DB8100498193 /* Drawing */ = {
			isa = PBXGroup;
			children = (
				FB82027C2496DB8100498193 /* AppDelegate.swift */,
				FB82027E2496DB8100498193 /* SceneDelegate.swift */,
				FB8202802496DB8100498193 /* ContentView.swift */,
				FBCD99F5249D78B9009C53A6 /* Challenge.swift */,
				FB4E963F249D75AE002B7556 /* Arrow.swift */,
				FB8202922498109900498193 /* ColorCyclingView.swift */,
				FB82029024980A3600498193 /* Flower.swift */,
				FB8202822496DB8200498193 /* Assets.xcassets */,
				FB8202872496DB8200498193 /* LaunchScreen.storyboard */,
				FB82028A2496DB8200498193 /* Info.plist */,
				FB8202842496DB8200498193 /* Preview Content */,
				FBF569F32499AAAF00287C61 /* Trapezoid.swift */,
				FBF569F52499AD3D00287C61 /* Checkerboard.swift */,
			);
			path = Drawing;
			sourceTree = "<group>";
		};
		FB8202842496DB8200498193 /* Preview Content */ = {
			isa = PBXGroup;
			children = (
				FB8202852496DB8200498193 /* Preview Assets.xcassets */,
			);
			path = "Preview Content";
			sourceTree = "<group>";
		};
/* End PBXGroup section */

/* Begin PBXNativeTarget section */
		FB8202782496DB8100498193 /* Drawing */ = {
			isa = PBXNativeTarget;
			buildConfigurationList = FB82028D2496DB8200498193 /* Build configuration list for PBXNativeTarget "Drawing" */;
			buildPhases = (
				FB8202752496DB8100498193 /* Sources */,
				FB8202762496DB8100498193 /* Frameworks */,
				FB8202772496DB8100498193 /* Resources */,
			);
			buildRules = (
			);
			dependencies = (
			);
			name = Drawing;
			productName = Drawing;
			productReference = FB8202792496DB8100498193 /* Drawing.app */;
			productType = "com.apple.product-type.application";
		};
/* End PBXNativeTarget section */

/* Begin PBXProject section */
		FB8202712496DB8000498193 /* Project object */ = {
			isa = PBXProject;
			attributes = {
				LastSwiftUpdateCheck = 1150;
				LastUpgradeCheck = 1150;
				ORGANIZATIONNAME = "Santiago Pelaez Rua";
				TargetAttributes = {
					FB8202782496DB8100498193 = {
						CreatedOnToolsVersion = 11.5;
					};
				};
			};
			buildConfigurationList = FB8202742496DB8000498193 /* Build configuration list for PBXProject "Drawing" */;
			compatibilityVersion = "Xcode 9.3";
			developmentRegion = en;
			hasScannedForEncodings = 0;
			knownRegions = (
				en,
				Base,
			);
			mainGroup = FB8202702496DB8000498193;
			productRefGroup = FB82027A2496DB8100498193 /* Products */;
			projectDirPath = "";
			projectRoot = "";
			targets = (
				FB8202782496DB8100498193 /* Drawing */,
			);
		};
/* End PBXProject section */

/* Begin PBXResourcesBuildPhase section */
		FB8202772496DB8100498193 /* Resources */ = {
			isa = PBXResourcesBuildPhase;
			buildActionMask = 2147483647;
			files = (
				FB8202892496DB8200498193 /* LaunchScreen.storyboard in Resources */,
				FB8202862496DB8200498193 /* Preview Assets.xcassets in Resources */,
				FB8202832496DB8200498193 /* Assets.xcassets in Resources */,
			);
			runOnlyForDeploymentPostprocessing = 0;
		};
/* End PBXResourcesBuildPhase section */

/* Begin PBXSourcesBuildPhase section */
		FB8202752496DB8100498193 /* Sources */ = {
			isa = PBXSourcesBuildPhase;
			buildActionMask = 2147483647;
			files = (
				FB82027D2496DB8100498193 /* AppDelegate.swift in Sources */,
				FBCD99F6249D78B9009C53A6 /* Challenge.swift in Sources */,
				FB82027F2496DB8100498193 /* SceneDelegate.swift in Sources */,
				FBF569F62499AD3D00287C61 /* Checkerboard.swift in Sources */,
				FB4E9640249D75AE002B7556 /* Arrow.swift in Sources */,
				FBF569F42499AAAF00287C61 /* Trapezoid.swift in Sources */,
				FB8202932498109900498193 /* ColorCyclingView.swift in Sources */,
				FB82029124980A3600498193 /* Flower.swift in Sources */,
				FB8202812496DB8100498193 /* ContentView.swift in Sources */,
			);
			runOnlyForDeploymentPostprocessing = 0;
		};
/* End PBXSourcesBuildPhase section */

/* Begin PBXVariantGroup section */
		FB8202872496DB8200498193 /* LaunchScreen.storyboard */ = {
			isa = PBXVariantGroup;
			children = (
				FB8202882496DB8200498193 /* Base */,
			);
			name = LaunchScreen.storyboard;
			sourceTree = "<group>";
		};
/* End PBXVariantGroup section */

/* Begin XCBuildConfiguration section */
		FB82028B2496DB8200498193 /* Debug */ = {
			isa = XCBuildConfiguration;
			buildSettings = {
				ALWAYS_SEARCH_USER_PATHS = NO;
				CLANG_ANALYZER_NONNULL = YES;
				CLANG_ANALYZER_NUMBER_OBJECT_CONVERSION = YES_AGGRESSIVE;
				CLANG_CXX_LANGUAGE_STANDARD = "gnu++14";
				CLANG_CXX_LIBRARY = "libc++";
				CLANG_ENABLE_MODULES = YES;
				CLANG_ENABLE_OBJC_ARC = YES;
				CLANG_ENABLE_OBJC_WEAK = YES;
				CLANG_WARN_BLOCK_CAPTURE_AUTORELEASING = YES;
				CLANG_WARN_BOOL_CONVERSION = YES;
				CLANG_WARN_COMMA = YES;
				CLANG_WARN_CONSTANT_CONVERSION = YES;
				CLANG_WARN_DEPRECATED_OBJC_IMPLEMENTATIONS = YES;
				CLANG_WARN_DIRECT_OBJC_ISA_USAGE = YES_ERROR;
				CLANG_WARN_DOCUMENTATION_COMMENTS = YES;
				CLANG_WARN_EMPTY_BODY = YES;
				CLANG_WARN_ENUM_CONVERSION = YES;
				CLANG_WARN_INFINITE_RECURSION = YES;
				CLANG_WARN_INT_CONVERSION = YES;
				CLANG_WARN_NON_LITERAL_NULL_CONVERSION = YES;
				CLANG_WARN_OBJC_IMPLICIT_RETAIN_SELF = YES;
				CLANG_WARN_OBJC_LITERAL_CONVERSION = YES;
				CLANG_WARN_OBJC_ROOT_CLASS = YES_ERROR;
				CLANG_WARN_RANGE_LOOP_ANALYSIS = YES;
				CLANG_WARN_STRICT_PROTOTYPES = YES;
				CLANG_WARN_SUSPICIOUS_MOVE = YES;
				CLANG_WARN_UNGUARDED_AVAILABILITY = YES_AGGRESSIVE;
				CLANG_WARN_UNREACHABLE_CODE = YES;
				CLANG_WARN__DUPLICATE_METHOD_MATCH = YES;
				COPY_PHASE_STRIP = NO;
				DEBUG_INFORMATION_FORMAT = dwarf;
				ENABLE_STRICT_OBJC_MSGSEND = YES;
				ENABLE_TESTABILITY = YES;
				GCC_C_LANGUAGE_STANDARD = gnu11;
				GCC_DYNAMIC_NO_PIC = NO;
				GCC_NO_COMMON_BLOCKS = YES;
				GCC_OPTIMIZATION_LEVEL = 0;
				GCC_PREPROCESSOR_DEFINITIONS = (
					"DEBUG=1",
					"$(inherited)",
				);
				GCC_WARN_64_TO_32_BIT_CONVERSION = YES;
				GCC_WARN_ABOUT_RETURN_TYPE = YES_ERROR;
				GCC_WARN_UNDECLARED_SELECTOR = YES;
				GCC_WARN_UNINITIALIZED_AUTOS = YES_AGGRESSIVE;
				GCC_WARN_UNUSED_FUNCTION = YES;
				GCC_WARN_UNUSED_VARIABLE = YES;
				IPHONEOS_DEPLOYMENT_TARGET = 13.5;
				MTL_ENABLE_DEBUG_INFO = INCLUDE_SOURCE;
				MTL_FAST_MATH = YES;
				ONLY_ACTIVE_ARCH = YES;
				SDKROOT = iphoneos;
				SWIFT_ACTIVE_COMPILATION_CONDITIONS = DEBUG;
				SWIFT_OPTIMIZATION_LEVEL = "-Onone";
			};
			name = Debug;
		};
		FB82028C2496DB8200498193 /* Release */ = {
			isa = XCBuildConfiguration;
			buildSettings = {
				ALWAYS_SEARCH_USER_PATHS = NO;
				CLANG_ANALYZER_NONNULL = YES;
				CLANG_ANALYZER_NUMBER_OBJECT_CONVERSION = YES_AGGRESSIVE;
				CLANG_CXX_LANGUAGE_STANDARD = "gnu++14";
				CLANG_CXX_LIBRARY = "libc++";
				CLANG_ENABLE_MODULES = YES;
				CLANG_ENABLE_OBJC_ARC = YES;
				CLANG_ENABLE_OBJC_WEAK = YES;
				CLANG_WARN_BLOCK_CAPTURE_AUTORELEASING = YES;
				CLANG_WARN_BOOL_CONVERSION = YES;
				CLANG_WARN_COMMA = YES;
				CLANG_WARN_CONSTANT_CONVERSION = YES;
				CLANG_WARN_DEPRECATED_OBJC_IMPLEMENTATIONS = YES;
				CLANG_WARN_DIRECT_OBJC_ISA_USAGE = YES_ERROR;
				CLANG_WARN_DOCUMENTATION_COMMENTS = YES;
				CLANG_WARN_EMPTY_BODY = YES;
				CLANG_WARN_ENUM_CONVERSION = YES;
				CLANG_WARN_INFINITE_RECURSION = YES;
				CLANG_WARN_INT_CONVERSION = YES;
				CLANG_WARN_NON_LITERAL_NULL_CONVERSION = YES;
				CLANG_WARN_OBJC_IMPLICIT_RETAIN_SELF = YES;
				CLANG_WARN_OBJC_LITERAL_CONVERSION = YES;
				CLANG_WARN_OBJC_ROOT_CLASS = YES_ERROR;
				CLANG_WARN_RANGE_LOOP_ANALYSIS = YES;
				CLANG_WARN_STRICT_PROTOTYPES = YES;
				CLANG_WARN_SUSPICIOUS_MOVE = YES;
				CLANG_WARN_UNGUARDED_AVAILABILITY = YES_AGGRESSIVE;
				CLANG_WARN_UNREACHABLE_CODE = YES;
				CLANG_WARN__DUPLICATE_METHOD_MATCH = YES;
				COPY_PHASE_STRIP = NO;
				DEBUG_INFORMATION_FORMAT = "dwarf-with-dsym";
				ENABLE_NS_ASSERTIONS = NO;
				ENABLE_STRICT_OBJC_MSGSEND = YES;
				GCC_C_LANGUAGE_STANDARD = gnu11;
				GCC_NO_COMMON_BLOCKS = YES;
				GCC_WARN_64_TO_32_BIT_CONVERSION = YES;
				GCC_WARN_ABOUT_RETURN_TYPE = YES_ERROR;
				GCC_WARN_UNDECLARED_SELECTOR = YES;
				GCC_WARN_UNINITIALIZED_AUTOS = YES_AGGRESSIVE;
				GCC_WARN_UNUSED_FUNCTION = YES;
				GCC_WARN_UNUSED_VARIABLE = YES;
				IPHONEOS_DEPLOYMENT_TARGET = 13.5;
				MTL_ENABLE_DEBUG_INFO = NO;
				MTL_FAST_MATH = YES;
				SDKROOT = iphoneos;
				SWIFT_COMPILATION_MODE = wholemodule;
				SWIFT_OPTIMIZATION_LEVEL = "-O";
				VALIDATE_PRODUCT = YES;
			};
			name = Release;
		};
		FB82028E2496DB8200498193 /* Debug */ = {
			isa = XCBuildConfiguration;
			buildSettings = {
				ASSETCATALOG_COMPILER_APPICON_NAME = AppIcon;
				CODE_SIGN_STYLE = Automatic;
				DEVELOPMENT_ASSET_PATHS = "\"Drawing/Preview Content\"";
				ENABLE_PREVIEWS = YES;
				INFOPLIST_FILE = Drawing/Info.plist;
				LD_RUNPATH_SEARCH_PATHS = (
					"$(inherited)",
					"@executable_path/Frameworks",
				);
				PRODUCT_BUNDLE_IDENTIFIER = com.sapelaezru.Drawing;
				PRODUCT_NAME = "$(TARGET_NAME)";
				SWIFT_VERSION = 5.0;
				TARGETED_DEVICE_FAMILY = "1,2";
			};
			name = Debug;
		};
		FB82028F2496DB8200498193 /* Release */ = {
			isa = XCBuildConfiguration;
			buildSettings = {
				ASSETCATALOG_COMPILER_APPICON_NAME = AppIcon;
				CODE_SIGN_STYLE = Automatic;
				DEVELOPMENT_ASSET_PATHS = "\"Drawing/Preview Content\"";
				ENABLE_PREVIEWS = YES;
				INFOPLIST_FILE = Drawing/Info.plist;
				LD_RUNPATH_SEARCH_PATHS = (
					"$(inherited)",
					"@executable_path/Frameworks",
				);
				PRODUCT_BUNDLE_IDENTIFIER = com.sapelaezru.Drawing;
				PRODUCT_NAME = "$(TARGET_NAME)";
				SWIFT_VERSION = 5.0;
				TARGETED_DEVICE_FAMILY = "1,2";
			};
			name = Release;
		};
/* End XCBuildConfiguration section */

/* Begin XCConfigurationList section */
		FB8202742496DB8000498193 /* Build configuration list for PBXProject "Drawing" */ = {
			isa = XCConfigurationList;
			buildConfigurations = (
				FB82028B2496DB8200498193 /* Debug */,
				FB82028C2496DB8200498193 /* Release */,
			);
			defaultConfigurationIsVisible = 0;
			defaultConfigurationName = Release;
		};
		FB82028D2496DB8200498193 /* Build configuration list for PBXNativeTarget "Drawing" */ = {
			isa = XCConfigurationList;
			buildConfigurations = (
				FB82028E2496DB8200498193 /* Debug */,
				FB82028F2496DB8200498193 /* Release */,
			);
			defaultConfigurationIsVisible = 0;
			defaultConfigurationName = Release;
		};
/* End XCConfigurationList section */
	};
	rootObject = FB8202712496DB8000498193 /* Project object */;
}
